
Microsoft Visual Studio Solution File, Format Version 12.00
# Visual Studio Version 17
VisualStudioVersion = 17.7.34202.233
MinimumVisualStudioVersion = 10.0.40219.1
Project("{9A19103F-16F7-4668-BE54-9A1E7A4F7556}") = "Shared", "Shared\Shared.csproj", "{7FFAC641-EDE3-4DE1-903A-EC317FBBF7D2}"
EndProject
Project("{FAE04EC0-301F-11D3-BF4B-00C04F79EFBC}") = "Publisher", "Publisher\Publisher.csproj", "{4294BEB1-1C98-467A-8E80-BA13AE9C7F71}"
EndProject
Project("{FAE04EC0-301F-11D3-BF4B-00C04F79EFBC}") = "Consumer", "Consumer\Consumer.csproj", "{A2157602-BF4C-442A-B057-531FEA867413}"
EndProject
Project("{FAE04EC0-301F-11D3-BF4B-00C04F79EFBC}") = "Consumer1", "Consumer1\Consumer1.csproj", "{B51FCAA5-273F-47C5-BF27-A26EAFA86DEF}"
EndProject
Global
	GlobalSection(SolutionConfigurationPlatforms) = preSolution
		Debug|Any CPU = Debug|Any CPU
		Release|Any CPU = Release|Any CPU
	EndGlobalSection
	GlobalSection(ProjectConfigurationPlatforms) = postSolution
		{7FFAC641-EDE3-4DE1-903A-EC317FBBF7D2}.Debug|Any CPU.ActiveCfg = Debug|Any CPU
		{7FFAC641-EDE3-4DE1-903A-EC317FBBF7D2}.Debug|Any CPU.Build.0 = Debug|Any CPU
		{7FFAC641-EDE3-4DE1-903A-EC317FBBF7D2}.Release|Any CPU.ActiveCfg = Release|Any CPU
		{7FFAC641-EDE3-4DE1-903A-EC317FBBF7D2}.Release|Any CPU.Build.0 = Release|Any CPU
		{4294BEB1-1C98-467A-8E80-BA13AE9C7F71}.Debug|Any CPU.ActiveCfg = Debug|Any CPU
		{4294BEB1-1C98-467A-8E80-BA13AE9C7F71}.Debug|Any CPU.Build.0 = Debug|Any CPU
		{4294BEB1-1C98-467A-8E80-BA13AE9C7F71}.Release|Any CPU.ActiveCfg = Release|Any CPU
		{4294BEB1-1C98-467A-8E80-BA13AE9C7F71}.Release|Any CPU.Build.0 = Release|Any CPU
		{A2157602-BF4C-442A-B057-531FEA867413}.Debug|Any CPU.ActiveCfg = Debug|Any CPU
		{A2157602-BF4C-442A-B057-531FEA867413}.Debug|Any CPU.Build.0 = Debug|Any CPU
		{A2157602-BF4C-442A-B057-531FEA867413}.Release|Any CPU.ActiveCfg = Release|Any CPU
		{A2157602-BF4C-442A-B057-531FEA867413}.Release|Any CPU.Build.0 = Release|Any CPU
		{B51FCAA5-273F-47C5-BF27-A26EAFA86DEF}.Debug|Any CPU.ActiveCfg = Debug|Any CPU
		{B51FCAA5-273F-47C5-BF27-A26EAFA86DEF}.Debug|Any CPU.Build.0 = Debug|Any CPU
		{B51FCAA5-273F-47C5-BF27-A26EAFA86DEF}.Release|Any CPU.ActiveCfg = Release|Any CPU
		{B51FCAA5-273F-47C5-BF27-A26EAFA86DEF}.Release|Any CPU.Build.0 = Release|Any CPU
	EndGlobalSection
	GlobalSection(SolutionProperties) = preSolution
		HideSolutionNode = FALSE
	EndGlobalSection
	GlobalSection(ExtensibilityGlobals) = postSolution
		SolutionGuid = {64C5F703-B8E1-4509-865B-F99D4F77158C}
	EndGlobalSection
EndGlobal
